// !$*UTF8*$!
{
	archiveVersion = 1;
	classes = {
	};
	objectVersion = 46;
	objects = {

/* Begin PBXBuildFile section */
		F93468D21EBB03F700B7ABD7 /* AppDelegate.swift in Sources */ = {isa = PBXBuildFile; fileRef = F93468D11EBB03F700B7ABD7 /* AppDelegate.swift */; };
		F93468D41EBB03F700B7ABD7 /* ViewController.swift in Sources */ = {isa = PBXBuildFile; fileRef = F93468D31EBB03F700B7ABD7 /* ViewController.swift */; };
		F93468D71EBB03F800B7ABD7 /* Main.storyboard in Resources */ = {isa = PBXBuildFile; fileRef = F93468D51EBB03F800B7ABD7 /* Main.storyboard */; };
		F93468D91EBB03F800B7ABD7 /* Assets.xcassets in Resources */ = {isa = PBXBuildFile; fileRef = F93468D81EBB03F800B7ABD7 /* Assets.xcassets */; };
		F93468DC1EBB03F800B7ABD7 /* LaunchScreen.storyboard in Resources */ = {isa = PBXBuildFile; fileRef = F93468DA1EBB03F800B7ABD7 /* LaunchScreen.storyboard */; };
		F93468E71EBB03F800B7ABD7 /* SmileyRatingTests.swift in Sources */ = {isa = PBXBuildFile; fileRef = F93468E61EBB03F800B7ABD7 /* SmileyRatingTests.swift */; };
		F93468F21EBB03F800B7ABD7 /* SmileyRatingUITests.swift in Sources */ = {isa = PBXBuildFile; fileRef = F93468F11EBB03F800B7ABD7 /* SmileyRatingUITests.swift */; };
/* End PBXBuildFile section */

/* Begin PBXContainerItemProxy section */
		F93468E31EBB03F800B7ABD7 /* PBXContainerItemProxy */ = {
			isa = PBXContainerItemProxy;
			containerPortal = F93468C61EBB03F700B7ABD7 /* Project object */;
			proxyType = 1;
			remoteGlobalIDString = F93468CD1EBB03F700B7ABD7;
			remoteInfo = SmileyRating;
		};
		F93468EE1EBB03F800B7ABD7 /* PBXContainerItemProxy */ = {
			isa = PBXContainerItemProxy;
			containerPortal = F93468C61EBB03F700B7ABD7 /* Project object */;
			proxyType = 1;
			remoteGlobalIDString = F93468CD1EBB03F700B7ABD7;
			remoteInfo = SmileyRating;
		};
/* End PBXContainerItemProxy section */

/* Begin PBXFileReference section */
		F93468CE1EBB03F700B7ABD7 /* SmileyRating.app */ = {isa = PBXFileReference; explicitFileType = wrapper.application; includeInIndex = 0; path = SmileyRating.app; sourceTree = BUILT_PRODUCTS_DIR; };
		F93468D11EBB03F700B7ABD7 /* AppDelegate.swift */ = {isa = PBXFileReference; lastKnownFileType = sourcecode.swift; path = AppDelegate.swift; sourceTree = "<group>"; };
		F93468D31EBB03F700B7ABD7 /* ViewController.swift */ = {isa = PBXFileReference; lastKnownFileType = sourcecode.swift; path = ViewController.swift; sourceTree = "<group>"; };
		F93468D61EBB03F800B7ABD7 /* Base */ = {isa = PBXFileReference; lastKnownFileType = file.storyboard; name = Base; path = Base.lproj/Main.storyboard; sourceTree = "<group>"; };
		F93468D81EBB03F800B7ABD7 /* Assets.xcassets */ = {isa = PBXFileReference; lastKnownFileType = folder.assetcatalog; path = Assets.xcassets; sourceTree = "<group>"; };
		F93468DB1EBB03F800B7ABD7 /* Base */ = {isa = PBXFileReference; lastKnownFileType = file.storyboard; name = Base; path = Base.lproj/LaunchScreen.storyboard; sourceTree = "<group>"; };
		F93468DD1EBB03F800B7ABD7 /* Info.plist */ = {isa = PBXFileReference; lastKnownFileType = text.plist.xml; path = Info.plist; sourceTree = "<group>"; };
		F93468E21EBB03F800B7ABD7 /* SmileyRatingTests.xctest */ = {isa = PBXFileReference; explicitFileType = wrapper.cfbundle; includeInIndex = 0; path = SmileyRatingTests.xctest; sourceTree = BUILT_PRODUCTS_DIR; };
		F93468E61EBB03F800B7ABD7 /* SmileyRatingTests.swift */ = {isa = PBXFileReference; lastKnownFileType = sourcecode.swift; path = SmileyRatingTests.swift; sourceTree = "<group>"; };
		F93468E81EBB03F800B7ABD7 /* Info.plist */ = {isa = PBXFileReference; lastKnownFileType = text.plist.xml; path = Info.plist; sourceTree = "<group>"; };
		F93468ED1EBB03F800B7ABD7 /* SmileyRatingUITests.xctest */ = {isa = PBXFileReference; explicitFileType = wrapper.cfbundle; includeInIndex = 0; path = SmileyRatingUITests.xctest; sourceTree = BUILT_PRODUCTS_DIR; };
		F93468F11EBB03F800B7ABD7 /* SmileyRatingUITests.swift */ = {isa = PBXFileReference; lastKnownFileType = sourcecode.swift; path = SmileyRatingUITests.swift; sourceTree = "<group>"; };
		F93468F31EBB03F800B7ABD7 /* Info.plist */ = {isa = PBXFileReference; lastKnownFileType = text.plist.xml; path = Info.plist; sourceTree = "<group>"; };
/* End PBXFileReference section */

/* Begin PBXFrameworksBuildPhase section */
		F93468CB1EBB03F700B7ABD7 /* Frameworks */ = {
			isa = PBXFrameworksBuildPhase;
			buildActionMask = 2147483647;
			files = (
			);
			runOnlyForDeploymentPostprocessing = 0;
		};
		F93468DF1EBB03F800B7ABD7 /* Frameworks */ = {
			isa = PBXFrameworksBuildPhase;
			buildActionMask = 2147483647;
			files = (
			);
			runOnlyForDeploymentPostprocessing = 0;
		};
		F93468EA1EBB03F800B7ABD7 /* Frameworks */ = {
			isa = PBXFrameworksBuildPhase;
			buildActionMask = 2147483647;
			files = (
			);
			runOnlyForDeploymentPostprocessing = 0;
		};
/* End PBXFrameworksBuildPhase section */

/* Begin PBXGroup section */
		F93468C51EBB03F700B7ABD7 = {
			isa = PBXGroup;
			children = (
				F93468D01EBB03F700B7ABD7 /* SmileyRating */,
				F93468E51EBB03F800B7ABD7 /* SmileyRatingTests */,
				F93468F01EBB03F800B7ABD7 /* SmileyRatingUITests */,
				F93468CF1EBB03F700B7ABD7 /* Products */,
			);
			sourceTree = "<group>";
		};
		F93468CF1EBB03F700B7ABD7 /* Products */ = {
			isa = PBXGroup;
			children = (
				F93468CE1EBB03F700B7ABD7 /* SmileyRating.app */,
				F93468E21EBB03F800B7ABD7 /* SmileyRatingTests.xctest */,
				F93468ED1EBB03F800B7ABD7 /* SmileyRatingUITests.xctest */,
			);
			name = Products;
			sourceTree = "<group>";
		};
		F93468D01EBB03F700B7ABD7 /* SmileyRating */ = {
			isa = PBXGroup;
			children = (
				F93468D11EBB03F700B7ABD7 /* AppDelegate.swift */,
				F93468D31EBB03F700B7ABD7 /* ViewController.swift */,
				F93468D51EBB03F800B7ABD7 /* Main.storyboard */,
				F93468D81EBB03F800B7ABD7 /* Assets.xcassets */,
				F93468DA1EBB03F800B7ABD7 /* LaunchScreen.storyboard */,
				F93468DD1EBB03F800B7ABD7 /* Info.plist */,
			);
			path = SmileyRating;
			sourceTree = "<group>";
		};
		F93468E51EBB03F800B7ABD7 /* SmileyRatingTests */ = {
			isa = PBXGroup;
			children = (
				F93468E61EBB03F800B7ABD7 /* SmileyRatingTests.swift */,
				F93468E81EBB03F800B7ABD7 /* Info.plist */,
			);
			path = SmileyRatingTests;
			sourceTree = "<group>";
		};
		F93468F01EBB03F800B7ABD7 /* SmileyRatingUITests */ = {
			isa = PBXGroup;
			children = (
				F93468F11EBB03F800B7ABD7 /* SmileyRatingUITests.swift */,
				F93468F31EBB03F800B7ABD7 /* Info.plist */,
			);
			path = SmileyRatingUITests;
			sourceTree = "<group>";
		};
/* End PBXGroup section */

/* Begin PBXNativeTarget section */
		F93468CD1EBB03F700B7ABD7 /* SmileyRating */ = {
			isa = PBXNativeTarget;
			buildConfigurationList = F93468F61EBB03F800B7ABD7 /* Build configuration list for PBXNativeTarget "SmileyRating" */;
			buildPhases = (
				F93468CA1EBB03F700B7ABD7 /* Sources */,
				F93468CB1EBB03F700B7ABD7 /* Frameworks */,
				F93468CC1EBB03F700B7ABD7 /* Resources */,
			);
			buildRules = (
			);
			dependencies = (
			);
			name = SmileyRating;
			productName = SmileyRating;
			productReference = F93468CE1EBB03F700B7ABD7 /* SmileyRating.app */;
			productType = "com.apple.product-type.application";
		};
		F93468E11EBB03F800B7ABD7 /* SmileyRatingTests */ = {
			isa = PBXNativeTarget;
			buildConfigurationList = F93468F91EBB03F800B7ABD7 /* Build configuration list for PBXNativeTarget "SmileyRatingTests" */;
			buildPhases = (
				F93468DE1EBB03F800B7ABD7 /* Sources */,
				F93468DF1EBB03F800B7ABD7 /* Frameworks */,
				F93468E01EBB03F800B7ABD7 /* Resources */,
			);
			buildRules = (
			);
			dependencies = (
				F93468E41EBB03F800B7ABD7 /* PBXTargetDependency */,
			);
			name = SmileyRatingTests;
			productName = SmileyRatingTests;
			productReference = F93468E21EBB03F800B7ABD7 /* SmileyRatingTests.xctest */;
			productType = "com.apple.product-type.bundle.unit-test";
		};
		F93468EC1EBB03F800B7ABD7 /* SmileyRatingUITests */ = {
			isa = PBXNativeTarget;
			buildConfigurationList = F93468FC1EBB03F800B7ABD7 /* Build configuration list for PBXNativeTarget "SmileyRatingUITests" */;
			buildPhases = (
				F93468E91EBB03F800B7ABD7 /* Sources */,
				F93468EA1EBB03F800B7ABD7 /* Frameworks */,
				F93468EB1EBB03F800B7ABD7 /* Resources */,
			);
			buildRules = (
			);
			dependencies = (
				F93468EF1EBB03F800B7ABD7 /* PBXTargetDependency */,
			);
			name = SmileyRatingUITests;
			productName = SmileyRatingUITests;
			productReference = F93468ED1EBB03F800B7ABD7 /* SmileyRatingUITests.xctest */;
			productType = "com.apple.product-type.bundle.ui-testing";
		};
/* End PBXNativeTarget section */

/* Begin PBXProject section */
		F93468C61EBB03F700B7ABD7 /* Project object */ = {
			isa = PBXProject;
			attributes = {
				LastSwiftUpdateCheck = 0820;
				LastUpgradeCheck = 0820;
				ORGANIZATIONNAME = hmspl;
				TargetAttributes = {
					F93468CD1EBB03F700B7ABD7 = {
						CreatedOnToolsVersion = 8.2.1;
						ProvisioningStyle = Automatic;
					};
					F93468E11EBB03F800B7ABD7 = {
						CreatedOnToolsVersion = 8.2.1;
						ProvisioningStyle = Automatic;
						TestTargetID = F93468CD1EBB03F700B7ABD7;
					};
					F93468EC1EBB03F800B7ABD7 = {
						CreatedOnToolsVersion = 8.2.1;
						ProvisioningStyle = Automatic;
						TestTargetID = F93468CD1EBB03F700B7ABD7;
					};
				};
			};
			buildConfigurationList = F93468C91EBB03F700B7ABD7 /* Build configuration list for PBXProject "SmileyRating" */;
			compatibilityVersion = "Xcode 3.2";
			developmentRegion = English;
			hasScannedForEncodings = 0;
			knownRegions = (
				en,
				Base,
			);
			mainGroup = F93468C51EBB03F700B7ABD7;
			productRefGroup = F93468CF1EBB03F700B7ABD7 /* Products */;
			projectDirPath = "";
			projectRoot = "";
			targets = (
				F93468CD1EBB03F700B7ABD7 /* SmileyRating */,
				F93468E11EBB03F800B7ABD7 /* SmileyRatingTests */,
				F93468EC1EBB03F800B7ABD7 /* SmileyRatingUITests */,
			);
		};
/* End PBXProject section */

/* Begin PBXResourcesBuildPhase section */
		F93468CC1EBB03F700B7ABD7 /* Resources */ = {
			isa = PBXResourcesBuildPhase;
			buildActionMask = 2147483647;
			files = (
				F93468DC1EBB03F800B7ABD7 /* LaunchScreen.storyboard in Resources */,
				F93468D91EBB03F800B7ABD7 /* Assets.xcassets in Resources */,
				F93468D71EBB03F800B7ABD7 /* Main.storyboard in Resources */,
			);
			runOnlyForDeploymentPostprocessing = 0;
		};
		F93468E01EBB03F800B7ABD7 /* Resources */ = {
			isa = PBXResourcesBuildPhase;
			buildActionMask = 2147483647;
			files = (
			);
			runOnlyForDeploymentPostprocessing = 0;
		};
		F93468EB1EBB03F800B7ABD7 /* Resources */ = {
			isa = PBXResourcesBuildPhase;
			buildActionMask = 2147483647;
			files = (
			);
			runOnlyForDeploymentPostprocessing = 0;
		};
/* End PBXResourcesBuildPhase section */

/* Begin PBXSourcesBuildPhase section */
		F93468CA1EBB03F700B7ABD7 /* Sources */ = {
			isa = PBXSourcesBuildPhase;
			buildActionMask = 2147483647;
			files = (
				F93468D41EBB03F700B7ABD7 /* ViewController.swift in Sources */,
				F93468D21EBB03F700B7ABD7 /* AppDelegate.swift in Sources */,
			);
			runOnlyForDeploymentPostprocessing = 0;
		};
		F93468DE1EBB03F800B7ABD7 /* Sources */ = {
			isa = PBXSourcesBuildPhase;
			buildActionMask = 2147483647;
			files = (
				F93468E71EBB03F800B7ABD7 /* SmileyRatingTests.swift in Sources */,
			);
			runOnlyForDeploymentPostprocessing = 0;
		};
		F93468E91EBB03F800B7ABD7 /* Sources */ = {
			isa = PBXSourcesBuildPhase;
			buildActionMask = 2147483647;
			files = (
				F93468F21EBB03F800B7ABD7 /* SmileyRatingUITests.swift in Sources */,
			);
			runOnlyForDeploymentPostprocessing = 0;
		};
/* End PBXSourcesBuildPhase section */

/* Begin PBXTargetDependency section */
		F93468E41EBB03F800B7ABD7 /* PBXTargetDependency */ = {
			isa = PBXTargetDependency;
			target = F93468CD1EBB03F700B7ABD7 /* SmileyRating */;
			targetProxy = F93468E31EBB03F800B7ABD7 /* PBXContainerItemProxy */;
		};
		F93468EF1EBB03F800B7ABD7 /* PBXTargetDependency */ = {
			isa = PBXTargetDependency;
			target = F93468CD1EBB03F700B7ABD7 /* SmileyRating */;
			targetProxy = F93468EE1EBB03F800B7ABD7 /* PBXContainerItemProxy */;
		};
/* End PBXTargetDependency section */

/* Begin PBXVariantGroup section */
		F93468D51EBB03F800B7ABD7 /* Main.storyboard */ = {
			isa = PBXVariantGroup;
			children = (
				F93468D61EBB03F800B7ABD7 /* Base */,
			);
			name = Main.storyboard;
			sourceTree = "<group>";
		};
		F93468DA1EBB03F800B7ABD7 /* LaunchScreen.storyboard */ = {
			isa = PBXVariantGroup;
			children = (
				F93468DB1EBB03F800B7ABD7 /* Base */,
			);
			name = LaunchScreen.storyboard;
			sourceTree = "<group>";
		};
/* End PBXVariantGroup section */

/* Begin XCBuildConfiguration section */
		F93468F41EBB03F800B7ABD7 /* Debug */ = {
			isa = XCBuildConfiguration;
			buildSettings = {
				ALWAYS_SEARCH_USER_PATHS = NO;
				CLANG_ANALYZER_NONNULL = YES;
				CLANG_CXX_LANGUAGE_STANDARD = "gnu++0x";
				CLANG_CXX_LIBRARY = "libc++";
				CLANG_ENABLE_MODULES = YES;
				CLANG_ENABLE_OBJC_ARC = YES;
				CLANG_WARN_BOOL_CONVERSION = YES;
				CLANG_WARN_CONSTANT_CONVERSION = YES;
				CLANG_WARN_DIRECT_OBJC_ISA_USAGE = YES_ERROR;
				CLANG_WARN_DOCUMENTATION_COMMENTS = YES;
				CLANG_WARN_EMPTY_BODY = YES;
				CLANG_WARN_ENUM_CONVERSION = YES;
				CLANG_WARN_INFINITE_RECURSION = YES;
				CLANG_WARN_INT_CONVERSION = YES;
				CLANG_WARN_OBJC_ROOT_CLASS = YES_ERROR;
				CLANG_WARN_SUSPICIOUS_MOVE = YES;
				CLANG_WARN_UNREACHABLE_CODE = YES;
				CLANG_WARN__DUPLICATE_METHOD_MATCH = YES;
				"CODE_SIGN_IDENTITY[sdk=iphoneos*]" = "iPhone Developer";
				COPY_PHASE_STRIP = NO;
				DEBUG_INFORMATION_FORMAT = dwarf;
				ENABLE_STRICT_OBJC_MSGSEND = YES;
				ENABLE_TESTABILITY = YES;
				GCC_C_LANGUAGE_STANDARD = gnu99;
				GCC_DYNAMIC_NO_PIC = NO;
				GCC_NO_COMMON_BLOCKS = YES;
				GCC_OPTIMIZATION_LEVEL = 0;
				GCC_PREPROCESSOR_DEFINITIONS = (
					"DEBUG=1",
					"$(inherited)",
				);
				GCC_WARN_64_TO_32_BIT_CONVERSION = YES;
				GCC_WARN_ABOUT_RETURN_TYPE = YES_ERROR;
				GCC_WARN_UNDECLARED_SELECTOR = YES;
				GCC_WARN_UNINITIALIZED_AUTOS = YES_AGGRESSIVE;
				GCC_WARN_UNUSED_FUNCTION = YES;
				GCC_WARN_UNUSED_VARIABLE = YES;
				IPHONEOS_DEPLOYMENT_TARGET = 10.2;
				MTL_ENABLE_DEBUG_INFO = YES;
				ONLY_ACTIVE_ARCH = YES;
				SDKROOT = iphoneos;
				SWIFT_ACTIVE_COMPILATION_CONDITIONS = DEBUG;
				SWIFT_OPTIMIZATION_LEVEL = "-Onone";
			};
			name = Debug;
		};
		F93468F51EBB03F800B7ABD7 /* Release */ = {
			isa = XCBuildConfiguration;
			buildSettings = {
				ALWAYS_SEARCH_USER_PATHS = NO;
				CLANG_ANALYZER_NONNULL = YES;
				CLANG_CXX_LANGUAGE_STANDARD = "gnu++0x";
				CLANG_CXX_LIBRARY = "libc++";
				CLANG_ENABLE_MODULES = YES;
				CLANG_ENABLE_OBJC_ARC = YES;
				CLANG_WARN_BOOL_CONVERSION = YES;
				CLANG_WARN_CONSTANT_CONVERSION = YES;
				CLANG_WARN_DIRECT_OBJC_ISA_USAGE = YES_ERROR;
				CLANG_WARN_DOCUMENTATION_COMMENTS = YES;
				CLANG_WARN_EMPTY_BODY = YES;
				CLANG_WARN_ENUM_CONVERSION = YES;
				CLANG_WARN_INFINITE_RECURSION = YES;
				CLANG_WARN_INT_CONVERSION = YES;
				CLANG_WARN_OBJC_ROOT_CLASS = YES_ERROR;
				CLANG_WARN_SUSPICIOUS_MOVE = YES;
				CLANG_WARN_UNREACHABLE_CODE = YES;
				CLANG_WARN__DUPLICATE_METHOD_MATCH = YES;
				"CODE_SIGN_IDENTITY[sdk=iphoneos*]" = "iPhone Developer";
				COPY_PHASE_STRIP = NO;
				DEBUG_INFORMATION_FORMAT = "dwarf-with-dsym";
				ENABLE_NS_ASSERTIONS = NO;
				ENABLE_STRICT_OBJC_MSGSEND = YES;
				GCC_C_LANGUAGE_STANDARD = gnu99;
				GCC_NO_COMMON_BLOCKS = YES;
				GCC_WARN_64_TO_32_BIT_CONVERSION = YES;
				GCC_WARN_ABOUT_RETURN_TYPE = YES_ERROR;
				GCC_WARN_UNDECLARED_SELECTOR = YES;
				GCC_WARN_UNINITIALIZED_AUTOS = YES_AGGRESSIVE;
				GCC_WARN_UNUSED_FUNCTION = YES;
				GCC_WARN_UNUSED_VARIABLE = YES;
				IPHONEOS_DEPLOYMENT_TARGET = 10.2;
				MTL_ENABLE_DEBUG_INFO = NO;
				SDKROOT = iphoneos;
				SWIFT_OPTIMIZATION_LEVEL = "-Owholemodule";
				VALIDATE_PRODUCT = YES;
			};
			name = Release;
		};
		F93468F71EBB03F800B7ABD7 /* Debug */ = {
			isa = XCBuildConfiguration;
			buildSettings = {
				ASSETCATALOG_COMPILER_APPICON_NAME = AppIcon;
				INFOPLIST_FILE = SmileyRating/Info.plist;
				LD_RUNPATH_SEARCH_PATHS = "$(inherited) @executable_path/Frameworks";
				PRODUCT_BUNDLE_IDENTIFIER = com.impeccthreads.SmileyRating;
				PRODUCT_NAME = "$(TARGET_NAME)";
				SWIFT_VERSION = 3.0;
			};
			name = Debug;
		};
		F93468F81EBB03F800B7ABD7 /* Release */ = {
			isa = XCBuildConfiguration;
			buildSettings = {
				ASSETCATALOG_COMPILER_APPICON_NAME = AppIcon;
				INFOPLIST_FILE = SmileyRating/Info.plist;
				LD_RUNPATH_SEARCH_PATHS = "$(inherited) @executable_path/Frameworks";
				PRODUCT_BUNDLE_IDENTIFIER = com.impeccthreads.SmileyRating;
				PRODUCT_NAME = "$(TARGET_NAME)";
				SWIFT_VERSION = 3.0;
			};
			name = Release;
		};
		F93468FA1EBB03F800B7ABD7 /* Debug */ = {
			isa = XCBuildConfiguration;
			buildSettings = {
				ALWAYS_EMBED_SWIFT_STANDARD_LIBRARIES = YES;
				BUNDLE_LOADER = "$(TEST_HOST)";
				INFOPLIST_FILE = SmileyRatingTests/Info.plist;
				LD_RUNPATH_SEARCH_PATHS = "$(inherited) @executable_path/Frameworks @loader_path/Frameworks";
				PRODUCT_BUNDLE_IDENTIFIER = com.impeccthreads.SmileyRatingTests;
				PRODUCT_NAME = "$(TARGET_NAME)";
				SWIFT_VERSION = 3.0;
				TEST_HOST = "$(BUILT_PRODUCTS_DIR)/SmileyRating.app/SmileyRating";
			};
			name = Debug;
		};
		F93468FB1EBB03F800B7ABD7 /* Release */ = {
			isa = XCBuildConfiguration;
			buildSettings = {
				ALWAYS_EMBED_SWIFT_STANDARD_LIBRARIES = YES;
				BUNDLE_LOADER = "$(TEST_HOST)";
				INFOPLIST_FILE = SmileyRatingTests/Info.plist;
				LD_RUNPATH_SEARCH_PATHS = "$(inherited) @executable_path/Frameworks @loader_path/Frameworks";
				PRODUCT_BUNDLE_IDENTIFIER = com.impeccthreads.SmileyRatingTests;
				PRODUCT_NAME = "$(TARGET_NAME)";
				SWIFT_VERSION = 3.0;
				TEST_HOST = "$(BUILT_PRODUCTS_DIR)/SmileyRating.app/SmileyRating";
			};
			name = Release;
		};
		F93468FD1EBB03F800B7ABD7 /* Debug */ = {
			isa = XCBuildConfiguration;
			buildSettings = {
				ALWAYS_EMBED_SWIFT_STANDARD_LIBRARIES = YES;
				INFOPLIST_FILE = SmileyRatingUITests/Info.plist;
				LD_RUNPATH_SEARCH_PATHS = "$(inherited) @executable_path/Frameworks @loader_path/Frameworks";
				PRODUCT_BUNDLE_IDENTIFIER = com.impeccthreads.SmileyRatingUITests;
				PRODUCT_NAME = "$(TARGET_NAME)";
				SWIFT_VERSION = 3.0;
				TEST_TARGET_NAME = SmileyRating;
			};
			name = Debug;
		};
		F93468FE1EBB03F800B7ABD7 /* Release */ = {
			isa = XCBuildConfiguration;
			buildSettings = {
				ALWAYS_EMBED_SWIFT_STANDARD_LIBRARIES = YES;
				INFOPLIST_FILE = SmileyRatingUITests/Info.plist;
				LD_RUNPATH_SEARCH_PATHS = "$(inherited) @executable_path/Frameworks @loader_path/Frameworks";
				PRODUCT_BUNDLE_IDENTIFIER = com.impeccthreads.SmileyRatingUITests;
				PRODUCT_NAME = "$(TARGET_NAME)";
				SWIFT_VERSION = 3.0;
				TEST_TARGET_NAME = SmileyRating;
			};
			name = Release;
		};
/* End XCBuildConfiguration section */

/* Begin XCConfigurationList section */
		F93468C91EBB03F700B7ABD7 /* Build configuration list for PBXProject "SmileyRating" */ = {
			isa = XCConfigurationList;
			buildConfigurations = (
				F93468F41EBB03F800B7ABD7 /* Debug */,
				F93468F51EBB03F800B7ABD7 /* Release */,
			);
			defaultConfigurationIsVisible = 0;
			defaultConfigurationName = Release;
		};
		F93468F61EBB03F800B7ABD7 /* Build configuration list for PBXNativeTarget "SmileyRating" */ = {
			isa = XCConfigurationList;
			buildConfigurations = (
				F93468F71EBB03F800B7ABD7 /* Debug */,
				F93468F81EBB03F800B7ABD7 /* Release */,
			);
			defaultConfigurationIsVisible = 0;
		};
		F93468F91EBB03F800B7ABD7 /* Build configuration list for PBXNativeTarget "SmileyRatingTests" */ = {
			isa = XCConfigurationList;
			buildConfigurations = (
				F93468FA1EBB03F800B7ABD7 /* Debug */,
				F93468FB1EBB03F800B7ABD7 /* Release */,
			);
			defaultConfigurationIsVisible = 0;
		};
		F93468FC1EBB03F800B7ABD7 /* Build configuration list for PBXNativeTarget "SmileyRatingUITests" */ = {
			isa = XCConfigurationList;
			buildConfigurations = (
				F93468FD1EBB03F800B7ABD7 /* Debug */,
				F93468FE1EBB03F800B7ABD7 /* Release */,
			);
			defaultConfigurationIsVisible = 0;
		};
/* End XCConfigurationList section */
	};
	rootObject = F93468C61EBB03F700B7ABD7 /* Project object */;
}
